
Microsoft Visual Studio Solution File, Format Version 12.00
# Visual Studio Version 17
VisualStudioVersion = 17.8.34316.72
MinimumVisualStudioVersion = 10.0.40219.1
Project("{FAE04EC0-301F-11D3-BF4B-00C04F79EFBC}") = "llmtest", "llmtest.csproj", "{8D9FF72A-99BF-4606-A775-AB9D56092D1A}"
EndProject
Global
	GlobalSection(SolutionConfigurationPlatforms) = preSolution
		Debug|Any CPU = Debug|Any CPU
		Release|Any CPU = Release|Any CPU
	EndGlobalSection
	GlobalSection(ProjectConfigurationPlatforms) = postSolution
		{8D9FF72A-99BF-4606-A775-AB9D56092D1A}.Debug|Any CPU.ActiveCfg = Debug|Any CPU
		{8D9FF72A-99BF-4606-A775-AB9D56092D1A}.Debug|Any CPU.Build.0 = Debug|Any CPU
		{8D9FF72A-99BF-4606-A775-AB9D56092D1A}.Release|Any CPU.ActiveCfg = Release|Any CPU
		{8D9FF72A-99BF-4606-A775-AB9D56092D1A}.Release|Any CPU.Build.0 = Release|Any CPU
	EndGlobalSection
	GlobalSection(SolutionProperties) = preSolution
		HideSolutionNode = FALSE
	EndGlobalSection
	GlobalSection(ExtensibilityGlobals) = postSolution
		SolutionGuid = {9A607887-242F-4186-9CA5-E2D9340FF49C}
	EndGlobalSection
EndGlobal
